<?xml version="1.0" encoding="utf-8"?>
<Project ToolsVersion="4.0" xmlns="http://schemas.microsoft.com/developer/msbuild/2003">
  <ItemGroup>
    <Filter Include="Source Files">
      <UniqueIdentifier>{4FC737F1-C7A5-4376-A066-2A32D752A2FF}</UniqueIdentifier>
      <Extensions>cpp;c;cc;cxx;def;odl;idl;hpj;bat;asm;asmx</Extensions>
    </Filter>
    <Filter Include="Header Files">
      <UniqueIdentifier>{93995380-89BD-4b04-88EB-625FBE52EBFB}</UniqueIdentifier>
      <Extensions>h;hpp;hxx;hm;inl;inc;xsd</Extensions>
    </Filter>
    <Filter Include="Resource Files">
      <UniqueIdentifier>{67DA6AB6-F800-4c08-8B7A-83BB121AAD01}</UniqueIdentifier>
      <Extensions>rc;ico;cur;bmp;dlg;rc2;rct;bin;rgs;gif;jpg;jpeg;jpe;resx;tiff;tif;png;wav;mfcribbon-ms</Extensions>
    </Filter>
  </ItemGroup>
  <ItemGroup>
    <ClInclude Include="DICOMsequence.h">
      <Filter>Header Files</Filter>
    </ClInclude>
    <ClInclude Include="Image.h">
      <Filter>Header Files</Filter>
    </ClInclude>
    <ClInclude Include="ImageSequence.h">
      <Filter>Header Files</Filter>
    </ClInclude>
    <ClInclude Include="MedicalImageSequence.h">
      <Filter>Header Files</Filter>
    </ClInclude>
    <ClInclude Include="Blackboard.h">
      <Filter>Header Files</Filter>
    </ClInclude>
    <ClInclude Include="Exception.h">
      <Filter>Header Files</Filter>
    </ClInclude>
    <ClInclude Include="ImageContour.h">
      <Filter>Header Files</Filter>
    </ClInclude>
    <ClInclude Include="ImageRegion.h">
      <Filter>Header Files</Filter>
    </ClInclude>
    <ClInclude Include="InferencingKS.h">
      <Filter>Header Files</Filter>
    </ClInclude>
    <ClInclude Include="KnowledgeSource.h">
      <Filter>Header Files</Filter>
    </ClInclude>
    <ClInclude Include="MemManageKS.h">
      <Filter>Header Files</Filter>
    </ClInclude>
    <ClInclude Include="misc.h">
      <Filter>Header Files</Filter>
    </ClInclude>
    <ClInclude Include="Model.h">
      <Filter>Header Files</Filter>
    </ClInclude>
    <ClInclude Include="ModelKS.h">
      <Filter>Header Files</Filter>
    </ClInclude>
    <ClInclude Include="SchedulerKS.h">
      <Filter>Header Files</Filter>
    </ClInclude>
    <ClInclude Include="SearchArea.h">
      <Filter>Header Files</Filter>
    </ClInclude>
    <ClInclude Include="SegmentationKS.h">
      <Filter>Header Files</Filter>
    </ClInclude>
    <ClInclude Include="ucla_v5b.h">
      <Filter>Header Files</Filter>
    </ClInclude>
    <ClInclude Include="ucla_v5b_mamo.h">
      <Filter>Header Files</Filter>
    </ClInclude>
    <ClInclude Include="AnatPathEntity.h">
      <Filter>Header Files</Filter>
    </ClInclude>
    <ClInclude Include="Attribute.h">
      <Filter>Header Files</Filter>
    </ClInclude>
    <ClInclude Include="Contour.h">
      <Filter>Header Files</Filter>
    </ClInclude>
    <ClInclude Include="Darray.h">
      <Filter>Header Files</Filter>
    </ClInclude>
    <ClInclude Include="Feature.h">
      <Filter>Header Files</Filter>
    </ClInclude>
    <ClInclude Include="FPoint.h">
      <Filter>Header Files</Filter>
    </ClInclude>
    <ClInclude Include="Fuzzy.h">
      <Filter>Header Files</Filter>
    </ClInclude>
    <ClInclude Include="ImagePrimitive.h">
      <Filter>Header Files</Filter>
    </ClInclude>
    <ClInclude Include="InfParam.h">
      <Filter>Header Files</Filter>
    </ClInclude>
    <ClInclude Include="Interval.h">
      <Filter>Header Files</Filter>
    </ClInclude>
    <ClInclude Include="KStools.h">
      <Filter>Header Files</Filter>
    </ClInclude>
    <ClInclude Include="Line.h">
      <Filter>Header Files</Filter>
    </ClInclude>
    <ClInclude Include="MemParam.h">
      <Filter>Header Files</Filter>
    </ClInclude>
    <ClInclude Include="Plane.h">
      <Filter>Header Files</Filter>
    </ClInclude>
    <ClInclude Include="Point.h">
      <Filter>Header Files</Filter>
    </ClInclude>
    <ClInclude Include="ROI.h">
      <Filter>Header Files</Filter>
    </ClInclude>
    <ClInclude Include="ROIdescription.h">
      <Filter>Header Files</Filter>
    </ClInclude>
    <ClInclude Include="ROItraverser.h">
      <Filter>Header Files</Filter>
    </ClInclude>
    <ClInclude Include="ROIworkspace.h">
      <Filter>Header Files</Filter>
    </ClInclude>
    <ClInclude Include="SegParam.h">
      <Filter>Header Files</Filter>
    </ClInclude>
    <ClInclude Include="tools_miu.h">
      <Filter>Header Files</Filter>
    </ClInclude>
    <ClInclude Include="TravStatus.h">
      <Filter>Header Files</Filter>
    </ClInclude>
    <ClInclude Include="WkspaceStatus.h">
      <Filter>Header Files</Filter>
    </ClInclude>
    <ClInclude Include="PercentileCalculator.h">
      <Filter>Header Files</Filter>
    </ClInclude>
  </ItemGroup>
  <ItemGroup>
    <ClCompile Include="Image.cc">
      <Filter>Source Files</Filter>
    </ClCompile>
    <ClCompile Include="ImageSequence.cc">
      <Filter>Source Files</Filter>
    </ClCompile>
    <ClCompile Include="MedicalImageSequence.cc">
      <Filter>Source Files</Filter>
    </ClCompile>
    <ClCompile Include="miu_nod.cc">
      <Filter>Source Files</Filter>
    </ClCompile>
    <ClCompile Include="Blackboard.cc">
      <Filter>Source Files</Filter>
    </ClCompile>
    <ClCompile Include="ImageContour.cc">
      <Filter>Source Files</Filter>
    </ClCompile>
    <ClCompile Include="ImageRegion.cc">
      <Filter>Source Files</Filter>
    </ClCompile>
    <ClCompile Include="InferencingKS.cc">
      <Filter>Source Files</Filter>
    </ClCompile>
    <ClCompile Include="KnowledgeSource.cc">
      <Filter>Source Files</Filter>
    </ClCompile>
    <ClCompile Include="MemManageKS.cc">
      <Filter>Source Files</Filter>
    </ClCompile>
    <ClCompile Include="Model.cc">
      <Filter>Source Files</Filter>
    </ClCompile>
    <ClCompile Include="ModelKS.cc">
      <Filter>Source Files</Filter>
    </ClCompile>
    <ClCompile Include="SchedulerKS.cc">
      <Filter>Source Files</Filter>
    </ClCompile>
    <ClCompile Include="SearchArea.cc">
      <Filter>Source Files</Filter>
    </ClCompile>
    <ClCompile Include="SegmentationKS.cc">
      <Filter>Source Files</Filter>
    </ClCompile>
    <ClCompile Include="AnatPathEntity.cc">
      <Filter>Source Files</Filter>
    </ClCompile>
    <ClCompile Include="Attribute.cc">
      <Filter>Source Files</Filter>
    </ClCompile>
    <ClCompile Include="Darray.cc">
      <Filter>Source Files</Filter>
    </ClCompile>
    <ClCompile Include="Feature.cc">
      <Filter>Source Files</Filter>
    </ClCompile>
    <ClCompile Include="FPoint.cc">
      <Filter>Source Files</Filter>
    </ClCompile>
    <ClCompile Include="Fuzzy.cc">
      <Filter>Source Files</Filter>
    </ClCompile>
    <ClCompile Include="ImagePrimitive.cc">
      <Filter>Source Files</Filter>
    </ClCompile>
    <ClCompile Include="InfParam.cc">
      <Filter>Source Files</Filter>
    </ClCompile>
    <ClCompile Include="Interval.cc">
      <Filter>Source Files</Filter>
    </ClCompile>
    <ClCompile Include="KStools.cc">
      <Filter>Source Files</Filter>
    </ClCompile>
    <ClCompile Include="Line.cc">
      <Filter>Source Files</Filter>
    </ClCompile>
    <ClCompile Include="MemParam.cc">
      <Filter>Source Files</Filter>
    </ClCompile>
    <ClCompile Include="Plane.cc">
      <Filter>Source Files</Filter>
    </ClCompile>
    <ClCompile Include="Point.cc">
      <Filter>Source Files</Filter>
    </ClCompile>
    <ClCompile Include="ROI.cc">
      <Filter>Source Files</Filter>
    </ClCompile>
    <ClCompile Include="ROIdescription.cc">
      <Filter>Source Files</Filter>
    </ClCompile>
    <ClCompile Include="ROItraverser.cc">
      <Filter>Source Files</Filter>
    </ClCompile>
    <ClCompile Include="ROIworkspace.cc">
      <Filter>Source Files</Filter>
    </ClCompile>
    <ClCompile Include="SegParam.cc">
      <Filter>Source Files</Filter>
    </ClCompile>
    <ClCompile Include="tools_miu.cc">
      <Filter>Source Files</Filter>
    </ClCompile>
    <ClCompile Include="Contour.cc">
      <Filter>Source Files</Filter>
    </ClCompile>
  </ItemGroup>
  <ItemGroup>
    <None Include="ClassDiagram1.cd" />
  </ItemGroup>
</Project>